
Microsoft Visual Studio Solution File, Format Version 12.00
# Visual Studio 2013
VisualStudioVersion = 12.0.21005.1
MinimumVisualStudioVersion = 10.0.40219.1
Project("{FAE04EC0-301F-11D3-BF4B-00C04F79EFBC}") = "01.BoxInBox", "01.BoxInBox\01.BoxInBox.csproj", "{4442CD36-77C5-4CB1-B23D-7FD35532DF71}"
EndProject
Project("{FAE04EC0-301F-11D3-BF4B-00C04F79EFBC}") = "02.SequenceOfKNumbers", "02.SequenceOfKNumbers\02.SequenceOfKNumbers.csproj", "{0E8D83A4-745E-4AF4-9DCC-E95E55A10589}"
EndProject
Project("{FAE04EC0-301F-11D3-BF4B-00C04F79EFBC}") = "03.Disk", "03.Disk\03.Disk.csproj", "{EE333D37-3E55-4583-A841-8B66F8F1AE06}"
EndProject
Project("{FAE04EC0-301F-11D3-BF4B-00C04F79EFBC}") = "04.PokerStraights", "04.PokerStraights\04.PokerStraights.csproj", "{E2BB3630-9273-442D-9A90-9054DA1F8E85}"
EndProject
Project("{FAE04EC0-301F-11D3-BF4B-00C04F79EFBC}") = "05.FriendBits", "05.FriendBits\05.FriendBits.csproj", "{0820FBBA-BCC7-4170-A7EC-F8D5AB5A7698}"
EndProject
Global
	GlobalSection(SolutionConfigurationPlatforms) = preSolution
		Debug|Any CPU = Debug|Any CPU
		Release|Any CPU = Release|Any CPU
	EndGlobalSection
	GlobalSection(ProjectConfigurationPlatforms) = postSolution
		{4442CD36-77C5-4CB1-B23D-7FD35532DF71}.Debug|Any CPU.ActiveCfg = Debug|Any CPU
		{4442CD36-77C5-4CB1-B23D-7FD35532DF71}.Debug|Any CPU.Build.0 = Debug|Any CPU
		{4442CD36-77C5-4CB1-B23D-7FD35532DF71}.Release|Any CPU.ActiveCfg = Release|Any CPU
		{4442CD36-77C5-4CB1-B23D-7FD35532DF71}.Release|Any CPU.Build.0 = Release|Any CPU
		{0E8D83A4-745E-4AF4-9DCC-E95E55A10589}.Debug|Any CPU.ActiveCfg = Debug|Any CPU
		{0E8D83A4-745E-4AF4-9DCC-E95E55A10589}.Debug|Any CPU.Build.0 = Debug|Any CPU
		{0E8D83A4-745E-4AF4-9DCC-E95E55A10589}.Release|Any CPU.ActiveCfg = Release|Any CPU
		{0E8D83A4-745E-4AF4-9DCC-E95E55A10589}.Release|Any CPU.Build.0 = Release|Any CPU
		{EE333D37-3E55-4583-A841-8B66F8F1AE06}.Debug|Any CPU.ActiveCfg = Debug|Any CPU
		{EE333D37-3E55-4583-A841-8B66F8F1AE06}.Debug|Any CPU.Build.0 = Debug|Any CPU
		{EE333D37-3E55-4583-A841-8B66F8F1AE06}.Release|Any CPU.ActiveCfg = Release|Any CPU
		{EE333D37-3E55-4583-A841-8B66F8F1AE06}.Release|Any CPU.Build.0 = Release|Any CPU
		{E2BB3630-9273-442D-9A90-9054DA1F8E85}.Debug|Any CPU.ActiveCfg = Debug|Any CPU
		{E2BB3630-9273-442D-9A90-9054DA1F8E85}.Debug|Any CPU.Build.0 = Debug|Any CPU
		{E2BB3630-9273-442D-9A90-9054DA1F8E85}.Release|Any CPU.ActiveCfg = Release|Any CPU
		{E2BB3630-9273-442D-9A90-9054DA1F8E85}.Release|Any CPU.Build.0 = Release|Any CPU
		{0820FBBA-BCC7-4170-A7EC-F8D5AB5A7698}.Debug|Any CPU.ActiveCfg = Debug|Any CPU
		{0820FBBA-BCC7-4170-A7EC-F8D5AB5A7698}.Debug|Any CPU.Build.0 = Debug|Any CPU
		{0820FBBA-BCC7-4170-A7EC-F8D5AB5A7698}.Release|Any CPU.ActiveCfg = Release|Any CPU
		{0820FBBA-BCC7-4170-A7EC-F8D5AB5A7698}.Release|Any CPU.Build.0 = Release|Any CPU
	EndGlobalSection
	GlobalSection(SolutionProperties) = preSolution
		HideSolutionNode = FALSE
	EndGlobalSection
EndGlobal
