
Microsoft Visual Studio Solution File, Format Version 12.00
# Visual Studio 2013
VisualStudioVersion = 12.0.31101.0
MinimumVisualStudioVersion = 10.0.40219.1
Project("{FAE04EC0-301F-11D3-BF4B-00C04F79EFBC}") = "04.HelloCSharp", "ConsoleApplication1\04.HelloCSharp.csproj", "{C79E88FD-36ED-44FB-A8B2-C3C4E8A583D7}"
EndProject
Project("{FAE04EC0-301F-11D3-BF4B-00C04F79EFBC}") = "05.PrintMyName", "ConsoleApplication2\05.PrintMyName.csproj", "{7D3874B1-8043-4E3B-BA86-C9C14CFE7139}"
EndProject
Project("{FAE04EC0-301F-11D3-BF4B-00C04F79EFBC}") = "06.PrintNumbers", "ConsoleApplication3\06.PrintNumbers.csproj", "{EDD818BC-2513-4DB9-A75D-BF312E485712}"
EndProject
Project("{FAE04EC0-301F-11D3-BF4B-00C04F79EFBC}") = "07.PrintFirstAndLastName", "ConsoleApplication4\07.PrintFirstAndLastName.csproj", "{89C53AD9-0905-4E46-9A1C-7AB21B2722F2}"
EndProject
Project("{FAE04EC0-301F-11D3-BF4B-00C04F79EFBC}") = "09.PrintASequence", "ConsoleApplication6\09.PrintASequence.csproj", "{03566032-9772-4DE6-9375-AEEA7C35FA09}"
EndProject
Project("{FAE04EC0-301F-11D3-BF4B-00C04F79EFBC}") = "10.HorribleCode", "ConsoleApplication7\10.HorribleCode.csproj", "{1F71A7B7-1B7D-49D3-B21E-F233E4F1ED29}"
EndProject
Project("{FAE04EC0-301F-11D3-BF4B-00C04F79EFBC}") = "14.CurrentDateAndTime", "ConsoleApplication8\14.CurrentDateAndTime.csproj", "{2861279B-AABB-4017-96D2-80D1E48C1D1B}"
EndProject
Project("{FAE04EC0-301F-11D3-BF4B-00C04F79EFBC}") = "15.YourAge", "ConsoleApplication9\15.YourAge.csproj", "{AF727611-BD8E-4FCA-9A43-8784B6CF46C0}"
EndProject
Project("{FAE04EC0-301F-11D3-BF4B-00C04F79EFBC}") = "08.SquareRoot", "SquareRoot\08.SquareRoot.csproj", "{5C4D3292-451C-425C-8B12-EEF9406524AD}"
EndProject
Project("{FAE04EC0-301F-11D3-BF4B-00C04F79EFBC}") = "17.Debugger", "17.Debugger\17.Debugger.csproj", "{0CC0D7F7-E06D-4C7A-B747-DDB9B65F1A7E}"
EndProject
Project("{FAE04EC0-301F-11D3-BF4B-00C04F79EFBC}") = "16.PrintLongSequence", "16.PrintLongSequence\16.PrintLongSequence.csproj", "{59851E1A-C8ED-44A7-9A9C-FE380197728C}"
EndProject
Project("{2150E333-8FDC-42A3-9474-1A3956D46DE8}") = "Solution Items", "Solution Items", "{6B412722-42A5-4866-B963-6D65737F2588}"
	ProjectSection(SolutionItems) = preProject
		csharp-and-dot-net-framework.txt = csharp-and-dot-net-framework.txt
		list-of-IDEs.txt = list-of-IDEs.txt
		programming-languages.txt = programming-languages.txt
	EndProjectSection
EndProject
Global
	GlobalSection(SolutionConfigurationPlatforms) = preSolution
		Debug|Any CPU = Debug|Any CPU
		Release|Any CPU = Release|Any CPU
	EndGlobalSection
	GlobalSection(ProjectConfigurationPlatforms) = postSolution
		{C79E88FD-36ED-44FB-A8B2-C3C4E8A583D7}.Debug|Any CPU.ActiveCfg = Debug|Any CPU
		{C79E88FD-36ED-44FB-A8B2-C3C4E8A583D7}.Debug|Any CPU.Build.0 = Debug|Any CPU
		{C79E88FD-36ED-44FB-A8B2-C3C4E8A583D7}.Release|Any CPU.ActiveCfg = Release|Any CPU
		{C79E88FD-36ED-44FB-A8B2-C3C4E8A583D7}.Release|Any CPU.Build.0 = Release|Any CPU
		{7D3874B1-8043-4E3B-BA86-C9C14CFE7139}.Debug|Any CPU.ActiveCfg = Debug|Any CPU
		{7D3874B1-8043-4E3B-BA86-C9C14CFE7139}.Debug|Any CPU.Build.0 = Debug|Any CPU
		{7D3874B1-8043-4E3B-BA86-C9C14CFE7139}.Release|Any CPU.ActiveCfg = Release|Any CPU
		{7D3874B1-8043-4E3B-BA86-C9C14CFE7139}.Release|Any CPU.Build.0 = Release|Any CPU
		{EDD818BC-2513-4DB9-A75D-BF312E485712}.Debug|Any CPU.ActiveCfg = Debug|Any CPU
		{EDD818BC-2513-4DB9-A75D-BF312E485712}.Debug|Any CPU.Build.0 = Debug|Any CPU
		{EDD818BC-2513-4DB9-A75D-BF312E485712}.Release|Any CPU.ActiveCfg = Release|Any CPU
		{EDD818BC-2513-4DB9-A75D-BF312E485712}.Release|Any CPU.Build.0 = Release|Any CPU
		{89C53AD9-0905-4E46-9A1C-7AB21B2722F2}.Debug|Any CPU.ActiveCfg = Debug|Any CPU
		{89C53AD9-0905-4E46-9A1C-7AB21B2722F2}.Debug|Any CPU.Build.0 = Debug|Any CPU
		{89C53AD9-0905-4E46-9A1C-7AB21B2722F2}.Release|Any CPU.ActiveCfg = Release|Any CPU
		{89C53AD9-0905-4E46-9A1C-7AB21B2722F2}.Release|Any CPU.Build.0 = Release|Any CPU
		{03566032-9772-4DE6-9375-AEEA7C35FA09}.Debug|Any CPU.ActiveCfg = Debug|Any CPU
		{03566032-9772-4DE6-9375-AEEA7C35FA09}.Debug|Any CPU.Build.0 = Debug|Any CPU
		{03566032-9772-4DE6-9375-AEEA7C35FA09}.Release|Any CPU.ActiveCfg = Release|Any CPU
		{03566032-9772-4DE6-9375-AEEA7C35FA09}.Release|Any CPU.Build.0 = Release|Any CPU
		{1F71A7B7-1B7D-49D3-B21E-F233E4F1ED29}.Debug|Any CPU.ActiveCfg = Debug|Any CPU
		{1F71A7B7-1B7D-49D3-B21E-F233E4F1ED29}.Debug|Any CPU.Build.0 = Debug|Any CPU
		{1F71A7B7-1B7D-49D3-B21E-F233E4F1ED29}.Release|Any CPU.ActiveCfg = Release|Any CPU
		{1F71A7B7-1B7D-49D3-B21E-F233E4F1ED29}.Release|Any CPU.Build.0 = Release|Any CPU
		{2861279B-AABB-4017-96D2-80D1E48C1D1B}.Debug|Any CPU.ActiveCfg = Debug|Any CPU
		{2861279B-AABB-4017-96D2-80D1E48C1D1B}.Debug|Any CPU.Build.0 = Debug|Any CPU
		{2861279B-AABB-4017-96D2-80D1E48C1D1B}.Release|Any CPU.ActiveCfg = Release|Any CPU
		{2861279B-AABB-4017-96D2-80D1E48C1D1B}.Release|Any CPU.Build.0 = Release|Any CPU
		{AF727611-BD8E-4FCA-9A43-8784B6CF46C0}.Debug|Any CPU.ActiveCfg = Debug|Any CPU
		{AF727611-BD8E-4FCA-9A43-8784B6CF46C0}.Debug|Any CPU.Build.0 = Debug|Any CPU
		{AF727611-BD8E-4FCA-9A43-8784B6CF46C0}.Release|Any CPU.ActiveCfg = Release|Any CPU
		{AF727611-BD8E-4FCA-9A43-8784B6CF46C0}.Release|Any CPU.Build.0 = Release|Any CPU
		{5C4D3292-451C-425C-8B12-EEF9406524AD}.Debug|Any CPU.ActiveCfg = Debug|Any CPU
		{5C4D3292-451C-425C-8B12-EEF9406524AD}.Debug|Any CPU.Build.0 = Debug|Any CPU
		{5C4D3292-451C-425C-8B12-EEF9406524AD}.Release|Any CPU.ActiveCfg = Release|Any CPU
		{5C4D3292-451C-425C-8B12-EEF9406524AD}.Release|Any CPU.Build.0 = Release|Any CPU
		{0CC0D7F7-E06D-4C7A-B747-DDB9B65F1A7E}.Debug|Any CPU.ActiveCfg = Debug|Any CPU
		{0CC0D7F7-E06D-4C7A-B747-DDB9B65F1A7E}.Debug|Any CPU.Build.0 = Debug|Any CPU
		{0CC0D7F7-E06D-4C7A-B747-DDB9B65F1A7E}.Release|Any CPU.ActiveCfg = Release|Any CPU
		{0CC0D7F7-E06D-4C7A-B747-DDB9B65F1A7E}.Release|Any CPU.Build.0 = Release|Any CPU
		{59851E1A-C8ED-44A7-9A9C-FE380197728C}.Debug|Any CPU.ActiveCfg = Debug|Any CPU
		{59851E1A-C8ED-44A7-9A9C-FE380197728C}.Debug|Any CPU.Build.0 = Debug|Any CPU
		{59851E1A-C8ED-44A7-9A9C-FE380197728C}.Release|Any CPU.ActiveCfg = Release|Any CPU
		{59851E1A-C8ED-44A7-9A9C-FE380197728C}.Release|Any CPU.Build.0 = Release|Any CPU
	EndGlobalSection
	GlobalSection(SolutionProperties) = preSolution
		HideSolutionNode = FALSE
	EndGlobalSection
EndGlobal
