
Microsoft Visual Studio Solution File, Format Version 12.00
# Visual Studio 2013
VisualStudioVersion = 12.0.31101.0
MinimumVisualStudioVersion = 10.0.40219.1
Project("{FAE04EC0-301F-11D3-BF4B-00C04F79EFBC}") = "Roklq", "..\Roklq\Roklq\Roklq.csproj", "{9B1DA638-A9E6-431A-A670-F2A17F147A31}"
EndProject
Project("{FAE04EC0-301F-11D3-BF4B-00C04F79EFBC}") = "02.Sunglasses", "..\Sunglasses\Sunglasses\02.Sunglasses.csproj", "{42ACA2C1-884C-4E7A-B2D4-01A786119CB8}"
EndProject
Project("{FAE04EC0-301F-11D3-BF4B-00C04F79EFBC}") = "03.TheExplorer", "TheExplorer\03.TheExplorer.csproj", "{EEBCA4D6-4B4D-4EF7-8662-69B3D2FBF9DB}"
EndProject
Project("{FAE04EC0-301F-11D3-BF4B-00C04F79EFBC}") = "ChristmasTree", "ChristmasTree\ChristmasTree.csproj", "{F60AB8ED-CBD7-4FFE-94D2-94D254CD6C63}"
EndProject
Project("{FAE04EC0-301F-11D3-BF4B-00C04F79EFBC}") = "04.NewHouse", "NewHouse\04.NewHouse.csproj", "{D4899257-A2CB-4DAE-93C6-32B928DF7297}"
EndProject
Project("{FAE04EC0-301F-11D3-BF4B-00C04F79EFBC}") = "05.House", "House\05.House.csproj", "{BEDD326B-609F-46C8-A2E2-40F770F20A73}"
EndProject
Project("{FAE04EC0-301F-11D3-BF4B-00C04F79EFBC}") = "06.Arrow", "Arrow\06.Arrow.csproj", "{957AAC63-7CE3-4F8D-A466-97D68482D176}"
EndProject
Project("{FAE04EC0-301F-11D3-BF4B-00C04F79EFBC}") = "Car", "Car\Car.csproj", "{9422058D-F46C-411C-B87D-439843629216}"
EndProject
Project("{FAE04EC0-301F-11D3-BF4B-00C04F79EFBC}") = "SandGlass", "SandGlass\SandGlass.csproj", "{756270FD-213E-40FF-A213-814A8989F3E0}"
EndProject
Project("{FAE04EC0-301F-11D3-BF4B-00C04F79EFBC}") = "Eclipse", "Eclipse\Eclipse.csproj", "{A81E9299-A5C3-4096-99FB-80D90B952A21}"
EndProject
Project("{FAE04EC0-301F-11D3-BF4B-00C04F79EFBC}") = "HouseWithAWindow", "HouseWithAWindow\HouseWithAWindow.csproj", "{F4CCEDA5-0917-485E-916E-56A9E55AB533}"
EndProject
Project("{FAE04EC0-301F-11D3-BF4B-00C04F79EFBC}") = "07.ProgrammerDNA", "07.ProgrammerDNA\07.ProgrammerDNA.csproj", "{BBB5B830-E48A-4045-9391-E8956BB129BB}"
EndProject
Project("{FAE04EC0-301F-11D3-BF4B-00C04F79EFBC}") = "WineGlass", "WineGlass\WineGlass.csproj", "{C3CBA798-48C7-4929-93E4-451C157E1F63}"
EndProject
Project("{FAE04EC0-301F-11D3-BF4B-00C04F79EFBC}") = "Plane", "Plane\Plane.csproj", "{F8A9F3A9-02FC-4E86-8627-0AA4FE827D8A}"
EndProject
Project("{FAE04EC0-301F-11D3-BF4B-00C04F79EFBC}") = "Disk", "Disk\Disk.csproj", "{AA55421E-58A7-4772-89BC-D04370B355E9}"
EndProject
Project("{FAE04EC0-301F-11D3-BF4B-00C04F79EFBC}") = "PandaScotlandFlag", "PandaScotlandFlag\PandaScotlandFlag.csproj", "{FF38D52C-5D5B-4DB1-8189-0B14167C7B13}"
EndProject
Project("{FAE04EC0-301F-11D3-BF4B-00C04F79EFBC}") = "ProgrammerDNA", "ProgrammerDNA\ProgrammerDNA.csproj", "{33C78EF0-AE49-4BE8-B81E-960AA49DEAC3}"
EndProject
Project("{FAE04EC0-301F-11D3-BF4B-00C04F79EFBC}") = "Star", "Star\Star.csproj", "{B815BA27-66C7-4902-A8F6-013D9E68731A}"
EndProject
Project("{FAE04EC0-301F-11D3-BF4B-00C04F79EFBC}") = "TelerikLogo", "TelerikLogo\TelerikLogo.csproj", "{BCEC9575-67E4-4656-926B-AF450E973378}"
EndProject
Project("{FAE04EC0-301F-11D3-BF4B-00C04F79EFBC}") = "TelerikLogoMatrix", "TelerikLogoMatrix\TelerikLogoMatrix.csproj", "{9DB857F9-43E2-4F40-84B4-D4225AF39EBE}"
EndProject
Project("{FAE04EC0-301F-11D3-BF4B-00C04F79EFBC}") = "Test", "Test\Test.csproj", "{4C8CB7DC-12E5-4086-B7AF-976E421229E5}"
EndProject
Global
	GlobalSection(SolutionConfigurationPlatforms) = preSolution
		Debug|Any CPU = Debug|Any CPU
		Release|Any CPU = Release|Any CPU
	EndGlobalSection
	GlobalSection(ProjectConfigurationPlatforms) = postSolution
		{9B1DA638-A9E6-431A-A670-F2A17F147A31}.Debug|Any CPU.ActiveCfg = Debug|Any CPU
		{9B1DA638-A9E6-431A-A670-F2A17F147A31}.Debug|Any CPU.Build.0 = Debug|Any CPU
		{9B1DA638-A9E6-431A-A670-F2A17F147A31}.Release|Any CPU.ActiveCfg = Release|Any CPU
		{9B1DA638-A9E6-431A-A670-F2A17F147A31}.Release|Any CPU.Build.0 = Release|Any CPU
		{42ACA2C1-884C-4E7A-B2D4-01A786119CB8}.Debug|Any CPU.ActiveCfg = Debug|Any CPU
		{42ACA2C1-884C-4E7A-B2D4-01A786119CB8}.Debug|Any CPU.Build.0 = Debug|Any CPU
		{42ACA2C1-884C-4E7A-B2D4-01A786119CB8}.Release|Any CPU.ActiveCfg = Release|Any CPU
		{42ACA2C1-884C-4E7A-B2D4-01A786119CB8}.Release|Any CPU.Build.0 = Release|Any CPU
		{EEBCA4D6-4B4D-4EF7-8662-69B3D2FBF9DB}.Debug|Any CPU.ActiveCfg = Debug|Any CPU
		{EEBCA4D6-4B4D-4EF7-8662-69B3D2FBF9DB}.Debug|Any CPU.Build.0 = Debug|Any CPU
		{EEBCA4D6-4B4D-4EF7-8662-69B3D2FBF9DB}.Release|Any CPU.ActiveCfg = Release|Any CPU
		{EEBCA4D6-4B4D-4EF7-8662-69B3D2FBF9DB}.Release|Any CPU.Build.0 = Release|Any CPU
		{F60AB8ED-CBD7-4FFE-94D2-94D254CD6C63}.Debug|Any CPU.ActiveCfg = Debug|Any CPU
		{F60AB8ED-CBD7-4FFE-94D2-94D254CD6C63}.Debug|Any CPU.Build.0 = Debug|Any CPU
		{F60AB8ED-CBD7-4FFE-94D2-94D254CD6C63}.Release|Any CPU.ActiveCfg = Release|Any CPU
		{F60AB8ED-CBD7-4FFE-94D2-94D254CD6C63}.Release|Any CPU.Build.0 = Release|Any CPU
		{D4899257-A2CB-4DAE-93C6-32B928DF7297}.Debug|Any CPU.ActiveCfg = Debug|Any CPU
		{D4899257-A2CB-4DAE-93C6-32B928DF7297}.Debug|Any CPU.Build.0 = Debug|Any CPU
		{D4899257-A2CB-4DAE-93C6-32B928DF7297}.Release|Any CPU.ActiveCfg = Release|Any CPU
		{D4899257-A2CB-4DAE-93C6-32B928DF7297}.Release|Any CPU.Build.0 = Release|Any CPU
		{BEDD326B-609F-46C8-A2E2-40F770F20A73}.Debug|Any CPU.ActiveCfg = Debug|Any CPU
		{BEDD326B-609F-46C8-A2E2-40F770F20A73}.Debug|Any CPU.Build.0 = Debug|Any CPU
		{BEDD326B-609F-46C8-A2E2-40F770F20A73}.Release|Any CPU.ActiveCfg = Release|Any CPU
		{BEDD326B-609F-46C8-A2E2-40F770F20A73}.Release|Any CPU.Build.0 = Release|Any CPU
		{957AAC63-7CE3-4F8D-A466-97D68482D176}.Debug|Any CPU.ActiveCfg = Debug|Any CPU
		{957AAC63-7CE3-4F8D-A466-97D68482D176}.Debug|Any CPU.Build.0 = Debug|Any CPU
		{957AAC63-7CE3-4F8D-A466-97D68482D176}.Release|Any CPU.ActiveCfg = Release|Any CPU
		{957AAC63-7CE3-4F8D-A466-97D68482D176}.Release|Any CPU.Build.0 = Release|Any CPU
		{9422058D-F46C-411C-B87D-439843629216}.Debug|Any CPU.ActiveCfg = Debug|Any CPU
		{9422058D-F46C-411C-B87D-439843629216}.Debug|Any CPU.Build.0 = Debug|Any CPU
		{9422058D-F46C-411C-B87D-439843629216}.Release|Any CPU.ActiveCfg = Release|Any CPU
		{9422058D-F46C-411C-B87D-439843629216}.Release|Any CPU.Build.0 = Release|Any CPU
		{756270FD-213E-40FF-A213-814A8989F3E0}.Debug|Any CPU.ActiveCfg = Debug|Any CPU
		{756270FD-213E-40FF-A213-814A8989F3E0}.Debug|Any CPU.Build.0 = Debug|Any CPU
		{756270FD-213E-40FF-A213-814A8989F3E0}.Release|Any CPU.ActiveCfg = Release|Any CPU
		{756270FD-213E-40FF-A213-814A8989F3E0}.Release|Any CPU.Build.0 = Release|Any CPU
		{A81E9299-A5C3-4096-99FB-80D90B952A21}.Debug|Any CPU.ActiveCfg = Debug|Any CPU
		{A81E9299-A5C3-4096-99FB-80D90B952A21}.Debug|Any CPU.Build.0 = Debug|Any CPU
		{A81E9299-A5C3-4096-99FB-80D90B952A21}.Release|Any CPU.ActiveCfg = Release|Any CPU
		{A81E9299-A5C3-4096-99FB-80D90B952A21}.Release|Any CPU.Build.0 = Release|Any CPU
		{F4CCEDA5-0917-485E-916E-56A9E55AB533}.Debug|Any CPU.ActiveCfg = Debug|Any CPU
		{F4CCEDA5-0917-485E-916E-56A9E55AB533}.Debug|Any CPU.Build.0 = Debug|Any CPU
		{F4CCEDA5-0917-485E-916E-56A9E55AB533}.Release|Any CPU.ActiveCfg = Release|Any CPU
		{F4CCEDA5-0917-485E-916E-56A9E55AB533}.Release|Any CPU.Build.0 = Release|Any CPU
		{BBB5B830-E48A-4045-9391-E8956BB129BB}.Debug|Any CPU.ActiveCfg = Debug|Any CPU
		{BBB5B830-E48A-4045-9391-E8956BB129BB}.Debug|Any CPU.Build.0 = Debug|Any CPU
		{BBB5B830-E48A-4045-9391-E8956BB129BB}.Release|Any CPU.ActiveCfg = Release|Any CPU
		{BBB5B830-E48A-4045-9391-E8956BB129BB}.Release|Any CPU.Build.0 = Release|Any CPU
		{C3CBA798-48C7-4929-93E4-451C157E1F63}.Debug|Any CPU.ActiveCfg = Debug|Any CPU
		{C3CBA798-48C7-4929-93E4-451C157E1F63}.Debug|Any CPU.Build.0 = Debug|Any CPU
		{C3CBA798-48C7-4929-93E4-451C157E1F63}.Release|Any CPU.ActiveCfg = Release|Any CPU
		{C3CBA798-48C7-4929-93E4-451C157E1F63}.Release|Any CPU.Build.0 = Release|Any CPU
		{F8A9F3A9-02FC-4E86-8627-0AA4FE827D8A}.Debug|Any CPU.ActiveCfg = Debug|Any CPU
		{F8A9F3A9-02FC-4E86-8627-0AA4FE827D8A}.Debug|Any CPU.Build.0 = Debug|Any CPU
		{F8A9F3A9-02FC-4E86-8627-0AA4FE827D8A}.Release|Any CPU.ActiveCfg = Release|Any CPU
		{F8A9F3A9-02FC-4E86-8627-0AA4FE827D8A}.Release|Any CPU.Build.0 = Release|Any CPU
		{AA55421E-58A7-4772-89BC-D04370B355E9}.Debug|Any CPU.ActiveCfg = Debug|Any CPU
		{AA55421E-58A7-4772-89BC-D04370B355E9}.Debug|Any CPU.Build.0 = Debug|Any CPU
		{AA55421E-58A7-4772-89BC-D04370B355E9}.Release|Any CPU.ActiveCfg = Release|Any CPU
		{AA55421E-58A7-4772-89BC-D04370B355E9}.Release|Any CPU.Build.0 = Release|Any CPU
		{FF38D52C-5D5B-4DB1-8189-0B14167C7B13}.Debug|Any CPU.ActiveCfg = Debug|Any CPU
		{FF38D52C-5D5B-4DB1-8189-0B14167C7B13}.Debug|Any CPU.Build.0 = Debug|Any CPU
		{FF38D52C-5D5B-4DB1-8189-0B14167C7B13}.Release|Any CPU.ActiveCfg = Release|Any CPU
		{FF38D52C-5D5B-4DB1-8189-0B14167C7B13}.Release|Any CPU.Build.0 = Release|Any CPU
		{33C78EF0-AE49-4BE8-B81E-960AA49DEAC3}.Debug|Any CPU.ActiveCfg = Debug|Any CPU
		{33C78EF0-AE49-4BE8-B81E-960AA49DEAC3}.Debug|Any CPU.Build.0 = Debug|Any CPU
		{33C78EF0-AE49-4BE8-B81E-960AA49DEAC3}.Release|Any CPU.ActiveCfg = Release|Any CPU
		{33C78EF0-AE49-4BE8-B81E-960AA49DEAC3}.Release|Any CPU.Build.0 = Release|Any CPU
		{B815BA27-66C7-4902-A8F6-013D9E68731A}.Debug|Any CPU.ActiveCfg = Debug|Any CPU
		{B815BA27-66C7-4902-A8F6-013D9E68731A}.Debug|Any CPU.Build.0 = Debug|Any CPU
		{B815BA27-66C7-4902-A8F6-013D9E68731A}.Release|Any CPU.ActiveCfg = Release|Any CPU
		{B815BA27-66C7-4902-A8F6-013D9E68731A}.Release|Any CPU.Build.0 = Release|Any CPU
		{BCEC9575-67E4-4656-926B-AF450E973378}.Debug|Any CPU.ActiveCfg = Debug|Any CPU
		{BCEC9575-67E4-4656-926B-AF450E973378}.Debug|Any CPU.Build.0 = Debug|Any CPU
		{BCEC9575-67E4-4656-926B-AF450E973378}.Release|Any CPU.ActiveCfg = Release|Any CPU
		{BCEC9575-67E4-4656-926B-AF450E973378}.Release|Any CPU.Build.0 = Release|Any CPU
		{9DB857F9-43E2-4F40-84B4-D4225AF39EBE}.Debug|Any CPU.ActiveCfg = Debug|Any CPU
		{9DB857F9-43E2-4F40-84B4-D4225AF39EBE}.Debug|Any CPU.Build.0 = Debug|Any CPU
		{9DB857F9-43E2-4F40-84B4-D4225AF39EBE}.Release|Any CPU.ActiveCfg = Release|Any CPU
		{9DB857F9-43E2-4F40-84B4-D4225AF39EBE}.Release|Any CPU.Build.0 = Release|Any CPU
		{4C8CB7DC-12E5-4086-B7AF-976E421229E5}.Debug|Any CPU.ActiveCfg = Debug|Any CPU
		{4C8CB7DC-12E5-4086-B7AF-976E421229E5}.Debug|Any CPU.Build.0 = Debug|Any CPU
		{4C8CB7DC-12E5-4086-B7AF-976E421229E5}.Release|Any CPU.ActiveCfg = Release|Any CPU
		{4C8CB7DC-12E5-4086-B7AF-976E421229E5}.Release|Any CPU.Build.0 = Release|Any CPU
	EndGlobalSection
	GlobalSection(SolutionProperties) = preSolution
		HideSolutionNode = FALSE
	EndGlobalSection
EndGlobal
