
Microsoft Visual Studio Solution File, Format Version 12.00
# Visual Studio 2013
VisualStudioVersion = 12.0.31101.0
MinimumVisualStudioVersion = 10.0.40219.1
Project("{FAE04EC0-301F-11D3-BF4B-00C04F79EFBC}") = "Beers", "Beers\Beers.csproj", "{B159903E-02AD-49F7-9C88-31DDBC4E5CD5}"
EndProject
Project("{FAE04EC0-301F-11D3-BF4B-00C04F79EFBC}") = "ByteParty", "ByteParty\ByteParty.csproj", "{ABC6606A-8E01-4FE3-8288-27A8FE362708}"
EndProject
Project("{FAE04EC0-301F-11D3-BF4B-00C04F79EFBC}") = "FunWithMatrices", "FunWithMatrices\FunWithMatrices.csproj", "{85B7C372-B10E-428F-BC93-493AEBFB420C}"
EndProject
Project("{FAE04EC0-301F-11D3-BF4B-00C04F79EFBC}") = "Tetris", "Tetris\Tetris.csproj", "{F90C9C95-AE62-4A44-BC71-B7D8557F39D4}"
EndProject
Global
	GlobalSection(SolutionConfigurationPlatforms) = preSolution
		Debug|Any CPU = Debug|Any CPU
		Release|Any CPU = Release|Any CPU
	EndGlobalSection
	GlobalSection(ProjectConfigurationPlatforms) = postSolution
		{B159903E-02AD-49F7-9C88-31DDBC4E5CD5}.Debug|Any CPU.ActiveCfg = Debug|Any CPU
		{B159903E-02AD-49F7-9C88-31DDBC4E5CD5}.Debug|Any CPU.Build.0 = Debug|Any CPU
		{B159903E-02AD-49F7-9C88-31DDBC4E5CD5}.Release|Any CPU.ActiveCfg = Release|Any CPU
		{B159903E-02AD-49F7-9C88-31DDBC4E5CD5}.Release|Any CPU.Build.0 = Release|Any CPU
		{ABC6606A-8E01-4FE3-8288-27A8FE362708}.Debug|Any CPU.ActiveCfg = Debug|Any CPU
		{ABC6606A-8E01-4FE3-8288-27A8FE362708}.Debug|Any CPU.Build.0 = Debug|Any CPU
		{ABC6606A-8E01-4FE3-8288-27A8FE362708}.Release|Any CPU.ActiveCfg = Release|Any CPU
		{ABC6606A-8E01-4FE3-8288-27A8FE362708}.Release|Any CPU.Build.0 = Release|Any CPU
		{85B7C372-B10E-428F-BC93-493AEBFB420C}.Debug|Any CPU.ActiveCfg = Debug|Any CPU
		{85B7C372-B10E-428F-BC93-493AEBFB420C}.Debug|Any CPU.Build.0 = Debug|Any CPU
		{85B7C372-B10E-428F-BC93-493AEBFB420C}.Release|Any CPU.ActiveCfg = Release|Any CPU
		{85B7C372-B10E-428F-BC93-493AEBFB420C}.Release|Any CPU.Build.0 = Release|Any CPU
		{F90C9C95-AE62-4A44-BC71-B7D8557F39D4}.Debug|Any CPU.ActiveCfg = Debug|Any CPU
		{F90C9C95-AE62-4A44-BC71-B7D8557F39D4}.Debug|Any CPU.Build.0 = Debug|Any CPU
		{F90C9C95-AE62-4A44-BC71-B7D8557F39D4}.Release|Any CPU.ActiveCfg = Release|Any CPU
		{F90C9C95-AE62-4A44-BC71-B7D8557F39D4}.Release|Any CPU.Build.0 = Release|Any CPU
	EndGlobalSection
	GlobalSection(SolutionProperties) = preSolution
		HideSolutionNode = FALSE
	EndGlobalSection
EndGlobal
